{
    "version": 3,
    "terraform_version": "0.11.0",
    "serial": 4,
    "lineage": "b9ff9ff0-87f4-49c3-bfea-6397fdb1ca45",
    "modules": [
        {
            "path": [
                "root"
            ],
            "outputs": {},
            "resources": {
                "aws_internet_gateway.public": {
                    "type": "aws_internet_gateway",
                    "depends_on": [
                        "aws_vpc.main_vpc"
                    ],
                    "primary": {
                        "id": "igw-f6daac92",
                        "attributes": {
                            "id": "igw-f6daac92",
                            "tags.%": "0",
                            "vpc_id": "vpc-df5ae1b8"
                        },
                        "meta": {},
                        "tainted": false
                    },
                    "deposed": [],
                    "provider": "provider.aws"
                },
                "aws_route53_zone.k8s_zone": {
                    "type": "aws_route53_zone",
                    "depends_on": [
                        "aws_vpc.main_vpc"
                    ],
                    "primary": {
                        "id": "ZBZIBOJNN3YZU",
                        "attributes": {
                            "comment": "Managed by Terraform",
                            "force_destroy": "true",
                            "id": "ZBZIBOJNN3YZU",
                            "name": "k8s.dubber.net",
                            "name_servers.#": "4",
                            "name_servers.0": "ns-0.awsdns-00.com.",
                            "name_servers.1": "ns-1024.awsdns-00.org.",
                            "name_servers.2": "ns-1536.awsdns-00.co.uk.",
                            "name_servers.3": "ns-512.awsdns-00.net.",
                            "tags.%": "0",
                            "vpc_id": "vpc-df5ae1b8",
                            "vpc_region": "ap-southeast-2",
                            "zone_id": "ZBZIBOJNN3YZU"
                        },
                        "meta": {},
                        "tainted": false
                    },
                    "deposed": [],
                    "provider": "provider.aws"
                },
                "aws_vpc.main_vpc": {
                    "type": "aws_vpc",
                    "depends_on": [],
                    "primary": {
                        "id": "vpc-df5ae1b8",
                        "attributes": {
                            "assign_generated_ipv6_cidr_block": "false",
                            "cidr_block": "172.20.0.0/16",
                            "default_network_acl_id": "acl-5dc79f3a",
                            "default_route_table_id": "rtb-d89ea7bf",
                            "default_security_group_id": "sg-cfde40b6",
                            "dhcp_options_id": "default",
                            "enable_classiclink": "false",
                            "enable_classiclink_dns_support": "false",
                            "enable_dns_hostnames": "true",
                            "enable_dns_support": "true",
                            "id": "vpc-df5ae1b8",
                            "instance_tenancy": "default",
                            "main_route_table_id": "rtb-d89ea7bf",
                            "tags.%": "1",
                            "tags.Name": "main_vpc"
                        },
                        "meta": {
                            "schema_version": "1"
                        },
                        "tainted": false
                    },
                    "deposed": [],
                    "provider": "provider.aws"
                }
            },
            "depends_on": []
        },
        {
            "path": [
                "root",
                "cluster1"
            ],
            "outputs": {
                "public_subnet_ids": {
                    "sensitive": false,
                    "type": "list",
                    "value": [
                        "subnet-d1522bb6",
                        "subnet-7990fb30",
                        "subnet-253bc57d"
                    ]
                }
            },
            "resources": {
                "aws_subnet.public.0": {
                    "type": "aws_subnet",
                    "depends_on": [
                        "local.az_letters",
                        "local.az_names",
                        "local.cluster_fqdn"
                    ],
                    "primary": {
                        "id": "subnet-d1522bb6",
                        "attributes": {
                            "assign_ipv6_address_on_creation": "false",
                            "availability_zone": "ap-southeast-2a",
                            "cidr_block": "172.20.9.0/24",
                            "id": "subnet-d1522bb6",
                            "map_public_ip_on_launch": "true",
                            "tags.%": "2",
                            "tags.KubernetesCluster": "cluster1.k8s.dubber.net",
                            "tags.Name": "k8s cluster cluster1 a public",
                            "vpc_id": "vpc-df5ae1b8"
                        },
                        "meta": {
                            "schema_version": "1"
                        },
                        "tainted": false
                    },
                    "deposed": [],
                    "provider": "provider.aws"
                },
                "aws_subnet.public.1": {
                    "type": "aws_subnet",
                    "depends_on": [
                        "local.az_letters",
                        "local.az_names",
                        "local.cluster_fqdn"
                    ],
                    "primary": {
                        "id": "subnet-7990fb30",
                        "attributes": {
                            "assign_ipv6_address_on_creation": "false",
                            "availability_zone": "ap-southeast-2b",
                            "cidr_block": "172.20.10.0/24",
                            "id": "subnet-7990fb30",
                            "map_public_ip_on_launch": "true",
                            "tags.%": "2",
                            "tags.KubernetesCluster": "cluster1.k8s.dubber.net",
                            "tags.Name": "k8s cluster cluster1 b public",
                            "vpc_id": "vpc-df5ae1b8"
                        },
                        "meta": {
                            "schema_version": "1"
                        },
                        "tainted": false
                    },
                    "deposed": [],
                    "provider": "provider.aws"
                },
                "aws_subnet.public.2": {
                    "type": "aws_subnet",
                    "depends_on": [
                        "local.az_letters",
                        "local.az_names",
                        "local.cluster_fqdn"
                    ],
                    "primary": {
                        "id": "subnet-253bc57d",
                        "attributes": {
                            "assign_ipv6_address_on_creation": "false",
                            "availability_zone": "ap-southeast-2c",
                            "cidr_block": "172.20.11.0/24",
                            "id": "subnet-253bc57d",
                            "map_public_ip_on_launch": "true",
                            "tags.%": "2",
                            "tags.KubernetesCluster": "cluster1.k8s.dubber.net",
                            "tags.Name": "k8s cluster cluster1 c public",
                            "vpc_id": "vpc-df5ae1b8"
                        },
                        "meta": {
                            "schema_version": "1"
                        },
                        "tainted": false
                    },
                    "deposed": [],
                    "provider": "provider.aws"
                },
                "data.aws_availability_zones.available": {
                    "type": "aws_availability_zones",
                    "depends_on": [],
                    "primary": {
                        "id": "2018-04-06 01:12:46.645018 +0000 UTC",
                        "attributes": {
                            "id": "2018-04-06 01:12:46.645018 +0000 UTC",
                            "names.#": "3",
                            "names.0": "ap-southeast-2a",
                            "names.1": "ap-southeast-2b",
                            "names.2": "ap-southeast-2c"
                        },
                        "meta": {},
                        "tainted": false
                    },
                    "deposed": [],
                    "provider": "provider.aws"
                },
                "data.aws_region.current": {
                    "type": "aws_region",
                    "depends_on": [],
                    "primary": {
                        "id": "ap-southeast-2",
                        "attributes": {
                            "current": "true",
                            "endpoint": "ec2.ap-southeast-2.amazonaws.com",
                            "id": "ap-southeast-2",
                            "name": "ap-southeast-2"
                        },
                        "meta": {},
                        "tainted": false
                    },
                    "deposed": [],
                    "provider": "provider.aws"
                }
            },
            "depends_on": []
        },
        {
            "path": [
                "root",
                "cluster2"
            ],
            "outputs": {},
            "resources": {},
            "depends_on": []
        }
    ]
}
